// !$*UTF8*$!
{
	archiveVersion = 1;
	classes = {
	};
	objectVersion = 46;
	objects = {

/* Begin PBXBuildFile section */
		030C564D2023FC5D005898EC /* Meal.swift in Sources */ = {isa = PBXBuildFile; fileRef = 030C564C2023FC5D005898EC /* Meal.swift */; };
		030C5657202405A3005898EC /* FoodTimeTests.swift in Sources */ = {isa = PBXBuildFile; fileRef = 030C5656202405A3005898EC /* FoodTimeTests.swift */; };
		0330649C206C760C006E51BE /* MealTableViewCell.swift in Sources */ = {isa = PBXBuildFile; fileRef = 0330649B206C760C006E51BE /* MealTableViewCell.swift */; };
		0330649E206C80F9006E51BE /* MealTableViewController.swift in Sources */ = {isa = PBXBuildFile; fileRef = 0330649D206C80F9006E51BE /* MealTableViewController.swift */; };
		C4C6C73C1F191E6A0089DA5B /* RatingControl.swift in Sources */ = {isa = PBXBuildFile; fileRef = C4C6C73B1F191E6A0089DA5B /* RatingControl.swift */; };
		C4FC0AEC1F17E826003D9712 /* AppDelegate.swift in Sources */ = {isa = PBXBuildFile; fileRef = C4FC0AEB1F17E826003D9712 /* AppDelegate.swift */; };
		C4FC0AEE1F17E826003D9712 /* MealViewController.swift in Sources */ = {isa = PBXBuildFile; fileRef = C4FC0AED1F17E826003D9712 /* MealViewController.swift */; };
		C4FC0AF11F17E826003D9712 /* Main.storyboard in Resources */ = {isa = PBXBuildFile; fileRef = C4FC0AEF1F17E826003D9712 /* Main.storyboard */; };
		C4FC0AF31F17E826003D9712 /* Assets.xcassets in Resources */ = {isa = PBXBuildFile; fileRef = C4FC0AF21F17E826003D9712 /* Assets.xcassets */; };
		C4FC0AF61F17E826003D9712 /* LaunchScreen.storyboard in Resources */ = {isa = PBXBuildFile; fileRef = C4FC0AF41F17E826003D9712 /* LaunchScreen.storyboard */; };
/* End PBXBuildFile section */

/* Begin PBXContainerItemProxy section */
		030C5659202405A3005898EC /* PBXContainerItemProxy */ = {
			isa = PBXContainerItemProxy;
			containerPortal = C4FC0AE01F17E826003D9712 /* Project object */;
			proxyType = 1;
			remoteGlobalIDString = C4FC0AE71F17E826003D9712;
			remoteInfo = FoodTime;
		};
/* End PBXContainerItemProxy section */

/* Begin PBXFileReference section */
		030C564C2023FC5D005898EC /* Meal.swift */ = {isa = PBXFileReference; fileEncoding = 4; lastKnownFileType = sourcecode.swift; path = Meal.swift; sourceTree = "<group>"; };
		030C5654202405A3005898EC /* FoodTimeTests.xctest */ = {isa = PBXFileReference; explicitFileType = wrapper.cfbundle; includeInIndex = 0; path = FoodTimeTests.xctest; sourceTree = BUILT_PRODUCTS_DIR; };
		030C5656202405A3005898EC /* FoodTimeTests.swift */ = {isa = PBXFileReference; lastKnownFileType = sourcecode.swift; path = FoodTimeTests.swift; sourceTree = "<group>"; };
		030C5658202405A3005898EC /* Info.plist */ = {isa = PBXFileReference; lastKnownFileType = text.plist.xml; path = Info.plist; sourceTree = "<group>"; };
		0330649B206C760C006E51BE /* MealTableViewCell.swift */ = {isa = PBXFileReference; fileEncoding = 4; lastKnownFileType = sourcecode.swift; name = MealTableViewCell.swift; path = FoodTime/MealTableViewCell.swift; sourceTree = "<group>"; };
		0330649D206C80F9006E51BE /* MealTableViewController.swift */ = {isa = PBXFileReference; fileEncoding = 4; lastKnownFileType = sourcecode.swift; path = MealTableViewController.swift; sourceTree = "<group>"; };
		C4C6C73B1F191E6A0089DA5B /* RatingControl.swift */ = {isa = PBXFileReference; fileEncoding = 4; lastKnownFileType = sourcecode.swift; path = RatingControl.swift; sourceTree = "<group>"; };
		C4FC0AE81F17E826003D9712 /* FoodTime.app */ = {isa = PBXFileReference; explicitFileType = wrapper.application; includeInIndex = 0; path = FoodTime.app; sourceTree = BUILT_PRODUCTS_DIR; };
		C4FC0AEB1F17E826003D9712 /* AppDelegate.swift */ = {isa = PBXFileReference; lastKnownFileType = sourcecode.swift; path = AppDelegate.swift; sourceTree = "<group>"; };
		C4FC0AED1F17E826003D9712 /* MealViewController.swift */ = {isa = PBXFileReference; lastKnownFileType = sourcecode.swift; path = MealViewController.swift; sourceTree = "<group>"; };
		C4FC0AF01F17E826003D9712 /* Base */ = {isa = PBXFileReference; lastKnownFileType = file.storyboard; name = Base; path = Base.lproj/Main.storyboard; sourceTree = "<group>"; };
		C4FC0AF21F17E826003D9712 /* Assets.xcassets */ = {isa = PBXFileReference; lastKnownFileType = folder.assetcatalog; path = Assets.xcassets; sourceTree = "<group>"; };
		C4FC0AF51F17E826003D9712 /* Base */ = {isa = PBXFileReference; lastKnownFileType = file.storyboard; name = Base; path = Base.lproj/LaunchScreen.storyboard; sourceTree = "<group>"; };
		C4FC0AF71F17E826003D9712 /* Info.plist */ = {isa = PBXFileReference; lastKnownFileType = text.plist.xml; path = Info.plist; sourceTree = "<group>"; };
/* End PBXFileReference section */

/* Begin PBXFrameworksBuildPhase section */
		030C5651202405A3005898EC /* Frameworks */ = {
			isa = PBXFrameworksBuildPhase;
			buildActionMask = 2147483647;
			files = (
			);
			runOnlyForDeploymentPostprocessing = 0;
		};
		C4FC0AE51F17E826003D9712 /* Frameworks */ = {
			isa = PBXFrameworksBuildPhase;
			buildActionMask = 2147483647;
			files = (
			);
			runOnlyForDeploymentPostprocessing = 0;
		};
/* End PBXFrameworksBuildPhase section */

/* Begin PBXGroup section */
		030C5655202405A3005898EC /* FoodTimeTests */ = {
			isa = PBXGroup;
			children = (
				030C5656202405A3005898EC /* FoodTimeTests.swift */,
				030C5658202405A3005898EC /* Info.plist */,
			);
			path = FoodTimeTests;
			sourceTree = "<group>";
		};
		C4FC0ADF1F17E826003D9712 = {
			isa = PBXGroup;
			children = (
				0330649B206C760C006E51BE /* MealTableViewCell.swift */,
				C4FC0AEA1F17E826003D9712 /* FoodTime */,
				030C5655202405A3005898EC /* FoodTimeTests */,
				C4FC0AE91F17E826003D9712 /* Products */,
			);
			sourceTree = "<group>";
		};
		C4FC0AE91F17E826003D9712 /* Products */ = {
			isa = PBXGroup;
			children = (
				C4FC0AE81F17E826003D9712 /* FoodTime.app */,
				030C5654202405A3005898EC /* FoodTimeTests.xctest */,
			);
			name = Products;
			sourceTree = "<group>";
		};
		C4FC0AEA1F17E826003D9712 /* FoodTime */ = {
			isa = PBXGroup;
			children = (
				C4FC0AEB1F17E826003D9712 /* AppDelegate.swift */,
				C4FC0AED1F17E826003D9712 /* MealViewController.swift */,
				C4FC0AEF1F17E826003D9712 /* Main.storyboard */,
				0330649D206C80F9006E51BE /* MealTableViewController.swift */,
				030C564C2023FC5D005898EC /* Meal.swift */,
				C4C6C73B1F191E6A0089DA5B /* RatingControl.swift */,
				C4FC0AF21F17E826003D9712 /* Assets.xcassets */,
				C4FC0AF41F17E826003D9712 /* LaunchScreen.storyboard */,
				C4FC0AF71F17E826003D9712 /* Info.plist */,
			);
			path = FoodTime;
			sourceTree = "<group>";
		};
/* End PBXGroup section */

/* Begin PBXNativeTarget section */
		030C5653202405A3005898EC /* FoodTimeTests */ = {
			isa = PBXNativeTarget;
			buildConfigurationList = 030C565B202405A4005898EC /* Build configuration list for PBXNativeTarget "FoodTimeTests" */;
			buildPhases = (
				030C5650202405A3005898EC /* Sources */,
				030C5651202405A3005898EC /* Frameworks */,
				030C5652202405A3005898EC /* Resources */,
			);
			buildRules = (
			);
			dependencies = (
				030C565A202405A3005898EC /* PBXTargetDependency */,
			);
			name = FoodTimeTests;
			productName = FoodTimeTests;
			productReference = 030C5654202405A3005898EC /* FoodTimeTests.xctest */;
			productType = "com.apple.product-type.bundle.unit-test";
		};
		C4FC0AE71F17E826003D9712 /* FoodTime */ = {
			isa = PBXNativeTarget;
			buildConfigurationList = C4FC0AFA1F17E826003D9712 /* Build configuration list for PBXNativeTarget "FoodTime" */;
			buildPhases = (
				C4FC0AE41F17E826003D9712 /* Sources */,
				C4FC0AE51F17E826003D9712 /* Frameworks */,
				C4FC0AE61F17E826003D9712 /* Resources */,
			);
			buildRules = (
			);
			dependencies = (
			);
			name = FoodTime;
			productName = FoodTime;
			productReference = C4FC0AE81F17E826003D9712 /* FoodTime.app */;
			productType = "com.apple.product-type.application";
		};
/* End PBXNativeTarget section */

/* Begin PBXProject section */
		C4FC0AE01F17E826003D9712 /* Project object */ = {
			isa = PBXProject;
			attributes = {
				LastSwiftUpdateCheck = 0830;
				LastUpgradeCheck = 0830;
				ORGANIZATIONNAME = "Joshua Williams";
				TargetAttributes = {
					030C5653202405A3005898EC = {
						CreatedOnToolsVersion = 8.3.3;
						ProvisioningStyle = Automatic;
						TestTargetID = C4FC0AE71F17E826003D9712;
					};
					C4FC0AE71F17E826003D9712 = {
						CreatedOnToolsVersion = 8.3.3;
						ProvisioningStyle = Automatic;
					};
				};
			};
			buildConfigurationList = C4FC0AE31F17E826003D9712 /* Build configuration list for PBXProject "FoodTime" */;
			compatibilityVersion = "Xcode 3.2";
			developmentRegion = English;
			hasScannedForEncodings = 0;
			knownRegions = (
				en,
				Base,
			);
			mainGroup = C4FC0ADF1F17E826003D9712;
			productRefGroup = C4FC0AE91F17E826003D9712 /* Products */;
			projectDirPath = "";
			projectRoot = "";
			targets = (
				C4FC0AE71F17E826003D9712 /* FoodTime */,
				030C5653202405A3005898EC /* FoodTimeTests */,
			);
		};
/* End PBXProject section */

/* Begin PBXResourcesBuildPhase section */
		030C5652202405A3005898EC /* Resources */ = {
			isa = PBXResourcesBuildPhase;
			buildActionMask = 2147483647;
			files = (
			);
			runOnlyForDeploymentPostprocessing = 0;
		};
		C4FC0AE61F17E826003D9712 /* Resources */ = {
			isa = PBXResourcesBuildPhase;
			buildActionMask = 2147483647;
			files = (
				C4FC0AF61F17E826003D9712 /* LaunchScreen.storyboard in Resources */,
				C4FC0AF31F17E826003D9712 /* Assets.xcassets in Resources */,
				C4FC0AF11F17E826003D9712 /* Main.storyboard in Resources */,
			);
			runOnlyForDeploymentPostprocessing = 0;
		};
/* End PBXResourcesBuildPhase section */

/* Begin PBXSourcesBuildPhase section */
		030C5650202405A3005898EC /* Sources */ = {
			isa = PBXSourcesBuildPhase;
			buildActionMask = 2147483647;
			files = (
				030C5657202405A3005898EC /* FoodTimeTests.swift in Sources */,
			);
			runOnlyForDeploymentPostprocessing = 0;
		};
		C4FC0AE41F17E826003D9712 /* Sources */ = {
			isa = PBXSourcesBuildPhase;
			buildActionMask = 2147483647;
			files = (
				030C564D2023FC5D005898EC /* Meal.swift in Sources */,
				C4FC0AEE1F17E826003D9712 /* MealViewController.swift in Sources */,
				C4C6C73C1F191E6A0089DA5B /* RatingControl.swift in Sources */,
				C4FC0AEC1F17E826003D9712 /* AppDelegate.swift in Sources */,
				0330649E206C80F9006E51BE /* MealTableViewController.swift in Sources */,
				0330649C206C760C006E51BE /* MealTableViewCell.swift in Sources */,
			);
			runOnlyForDeploymentPostprocessing = 0;
		};
/* End PBXSourcesBuildPhase section */

/* Begin PBXTargetDependency section */
		030C565A202405A3005898EC /* PBXTargetDependency */ = {
			isa = PBXTargetDependency;
			target = C4FC0AE71F17E826003D9712 /* FoodTime */;
			targetProxy = 030C5659202405A3005898EC /* PBXContainerItemProxy */;
		};
/* End PBXTargetDependency section */

/* Begin PBXVariantGroup section */
		C4FC0AEF1F17E826003D9712 /* Main.storyboard */ = {
			isa = PBXVariantGroup;
			children = (
				C4FC0AF01F17E826003D9712 /* Base */,
			);
			name = Main.storyboard;
			sourceTree = "<group>";
		};
		C4FC0AF41F17E826003D9712 /* LaunchScreen.storyboard */ = {
			isa = PBXVariantGroup;
			children = (
				C4FC0AF51F17E826003D9712 /* Base */,
			);
			name = LaunchScreen.storyboard;
			sourceTree = "<group>";
		};
/* End PBXVariantGroup section */

/* Begin XCBuildConfiguration section */
		030C565C202405A4005898EC /* Debug */ = {
			isa = XCBuildConfiguration;
			buildSettings = {
				BUNDLE_LOADER = "$(TEST_HOST)";
				INFOPLIST_FILE = FoodTimeTests/Info.plist;
				LD_RUNPATH_SEARCH_PATHS = "$(inherited) @executable_path/Frameworks @loader_path/Frameworks";
				PRODUCT_BUNDLE_IDENTIFIER = com.jjwilliams.FoodTimeTests;
				PRODUCT_NAME = "$(TARGET_NAME)";
				SWIFT_VERSION = 3.0;
				TEST_HOST = "$(BUILT_PRODUCTS_DIR)/FoodTime.app/FoodTime";
			};
			name = Debug;
		};
		030C565D202405A4005898EC /* Release */ = {
			isa = XCBuildConfiguration;
			buildSettings = {
				BUNDLE_LOADER = "$(TEST_HOST)";
				INFOPLIST_FILE = FoodTimeTests/Info.plist;
				LD_RUNPATH_SEARCH_PATHS = "$(inherited) @executable_path/Frameworks @loader_path/Frameworks";
				PRODUCT_BUNDLE_IDENTIFIER = com.jjwilliams.FoodTimeTests;
				PRODUCT_NAME = "$(TARGET_NAME)";
				SWIFT_VERSION = 3.0;
				TEST_HOST = "$(BUILT_PRODUCTS_DIR)/FoodTime.app/FoodTime";
			};
			name = Release;
		};
		C4FC0AF81F17E826003D9712 /* Debug */ = {
			isa = XCBuildConfiguration;
			buildSettings = {
				ALWAYS_SEARCH_USER_PATHS = NO;
				CLANG_ANALYZER_NONNULL = YES;
				CLANG_ANALYZER_NUMBER_OBJECT_CONVERSION = YES_AGGRESSIVE;
				CLANG_CXX_LANGUAGE_STANDARD = "gnu++0x";
				CLANG_CXX_LIBRARY = "libc++";
				CLANG_ENABLE_MODULES = YES;
				CLANG_ENABLE_OBJC_ARC = YES;
				CLANG_WARN_BOOL_CONVERSION = YES;
				CLANG_WARN_CONSTANT_CONVERSION = YES;
				CLANG_WARN_DIRECT_OBJC_ISA_USAGE = YES_ERROR;
				CLANG_WARN_DOCUMENTATION_COMMENTS = YES;
				CLANG_WARN_EMPTY_BODY = YES;
				CLANG_WARN_ENUM_CONVERSION = YES;
				CLANG_WARN_INFINITE_RECURSION = YES;
				CLANG_WARN_INT_CONVERSION = YES;
				CLANG_WARN_OBJC_ROOT_CLASS = YES_ERROR;
				CLANG_WARN_SUSPICIOUS_MOVE = YES;
				CLANG_WARN_UNREACHABLE_CODE = YES;
				CLANG_WARN__DUPLICATE_METHOD_MATCH = YES;
				"CODE_SIGN_IDENTITY[sdk=iphoneos*]" = "iPhone Developer";
				COPY_PHASE_STRIP = NO;
				DEBUG_INFORMATION_FORMAT = dwarf;
				ENABLE_STRICT_OBJC_MSGSEND = YES;
				ENABLE_TESTABILITY = YES;
				GCC_C_LANGUAGE_STANDARD = gnu99;
				GCC_DYNAMIC_NO_PIC = NO;
				GCC_NO_COMMON_BLOCKS = YES;
				GCC_OPTIMIZATION_LEVEL = 0;
				GCC_PREPROCESSOR_DEFINITIONS = (
					"DEBUG=1",
					"$(inherited)",
				);
				GCC_WARN_64_TO_32_BIT_CONVERSION = YES;
				GCC_WARN_ABOUT_RETURN_TYPE = YES_ERROR;
				GCC_WARN_UNDECLARED_SELECTOR = YES;
				GCC_WARN_UNINITIALIZED_AUTOS = YES_AGGRESSIVE;
				GCC_WARN_UNUSED_FUNCTION = YES;
				GCC_WARN_UNUSED_VARIABLE = YES;
				IPHONEOS_DEPLOYMENT_TARGET = 10.3;
				MTL_ENABLE_DEBUG_INFO = YES;
				ONLY_ACTIVE_ARCH = YES;
				SDKROOT = iphoneos;
				SWIFT_ACTIVE_COMPILATION_CONDITIONS = DEBUG;
				SWIFT_OPTIMIZATION_LEVEL = "-Onone";
				TARGETED_DEVICE_FAMILY = "1,2";
			};
			name = Debug;
		};
		C4FC0AF91F17E826003D9712 /* Release */ = {
			isa = XCBuildConfiguration;
			buildSettings = {
				ALWAYS_SEARCH_USER_PATHS = NO;
				CLANG_ANALYZER_NONNULL = YES;
				CLANG_ANALYZER_NUMBER_OBJECT_CONVERSION = YES_AGGRESSIVE;
				CLANG_CXX_LANGUAGE_STANDARD = "gnu++0x";
				CLANG_CXX_LIBRARY = "libc++";
				CLANG_ENABLE_MODULES = YES;
				CLANG_ENABLE_OBJC_ARC = YES;
				CLANG_WARN_BOOL_CONVERSION = YES;
				CLANG_WARN_CONSTANT_CONVERSION = YES;
				CLANG_WARN_DIRECT_OBJC_ISA_USAGE = YES_ERROR;
				CLANG_WARN_DOCUMENTATION_COMMENTS = YES;
				CLANG_WARN_EMPTY_BODY = YES;
				CLANG_WARN_ENUM_CONVERSION = YES;
				CLANG_WARN_INFINITE_RECURSION = YES;
				CLANG_WARN_INT_CONVERSION = YES;
				CLANG_WARN_OBJC_ROOT_CLASS = YES_ERROR;
				CLANG_WARN_SUSPICIOUS_MOVE = YES;
				CLANG_WARN_UNREACHABLE_CODE = YES;
				CLANG_WARN__DUPLICATE_METHOD_MATCH = YES;
				"CODE_SIGN_IDENTITY[sdk=iphoneos*]" = "iPhone Developer";
				COPY_PHASE_STRIP = NO;
				DEBUG_INFORMATION_FORMAT = "dwarf-with-dsym";
				ENABLE_NS_ASSERTIONS = NO;
				ENABLE_STRICT_OBJC_MSGSEND = YES;
				GCC_C_LANGUAGE_STANDARD = gnu99;
				GCC_NO_COMMON_BLOCKS = YES;
				GCC_WARN_64_TO_32_BIT_CONVERSION = YES;
				GCC_WARN_ABOUT_RETURN_TYPE = YES_ERROR;
				GCC_WARN_UNDECLARED_SELECTOR = YES;
				GCC_WARN_UNINITIALIZED_AUTOS = YES_AGGRESSIVE;
				GCC_WARN_UNUSED_FUNCTION = YES;
				GCC_WARN_UNUSED_VARIABLE = YES;
				IPHONEOS_DEPLOYMENT_TARGET = 10.3;
				MTL_ENABLE_DEBUG_INFO = NO;
				SDKROOT = iphoneos;
				SWIFT_OPTIMIZATION_LEVEL = "-Owholemodule";
				TARGETED_DEVICE_FAMILY = "1,2";
				VALIDATE_PRODUCT = YES;
			};
			name = Release;
		};
		C4FC0AFB1F17E826003D9712 /* Debug */ = {
			isa = XCBuildConfiguration;
			buildSettings = {
				ASSETCATALOG_COMPILER_APPICON_NAME = AppIcon;
				INFOPLIST_FILE = FoodTime/Info.plist;
				LD_RUNPATH_SEARCH_PATHS = "$(inherited) @executable_path/Frameworks";
				PRODUCT_BUNDLE_IDENTIFIER = com.jjwilliams.FoodTime;
				PRODUCT_NAME = "$(TARGET_NAME)";
				SWIFT_VERSION = 3.0;
			};
			name = Debug;
		};
		C4FC0AFC1F17E826003D9712 /* Release */ = {
			isa = XCBuildConfiguration;
			buildSettings = {
				ASSETCATALOG_COMPILER_APPICON_NAME = AppIcon;
				INFOPLIST_FILE = FoodTime/Info.plist;
				LD_RUNPATH_SEARCH_PATHS = "$(inherited) @executable_path/Frameworks";
				PRODUCT_BUNDLE_IDENTIFIER = com.jjwilliams.FoodTime;
				PRODUCT_NAME = "$(TARGET_NAME)";
				SWIFT_VERSION = 3.0;
			};
			name = Release;
		};
/* End XCBuildConfiguration section */

/* Begin XCConfigurationList section */
		030C565B202405A4005898EC /* Build configuration list for PBXNativeTarget "FoodTimeTests" */ = {
			isa = XCConfigurationList;
			buildConfigurations = (
				030C565C202405A4005898EC /* Debug */,
				030C565D202405A4005898EC /* Release */,
			);
			defaultConfigurationIsVisible = 0;
			defaultConfigurationName = Release;
		};
		C4FC0AE31F17E826003D9712 /* Build configuration list for PBXProject "FoodTime" */ = {
			isa = XCConfigurationList;
			buildConfigurations = (
				C4FC0AF81F17E826003D9712 /* Debug */,
				C4FC0AF91F17E826003D9712 /* Release */,
			);
			defaultConfigurationIsVisible = 0;
			defaultConfigurationName = Release;
		};
		C4FC0AFA1F17E826003D9712 /* Build configuration list for PBXNativeTarget "FoodTime" */ = {
			isa = XCConfigurationList;
			buildConfigurations = (
				C4FC0AFB1F17E826003D9712 /* Debug */,
				C4FC0AFC1F17E826003D9712 /* Release */,
			);
			defaultConfigurationIsVisible = 0;
			defaultConfigurationName = Release;
		};
/* End XCConfigurationList section */
	};
	rootObject = C4FC0AE01F17E826003D9712 /* Project object */;
}
